
Microsoft Visual Studio Solution File, Format Version 12.00
# Visual Studio 15
VisualStudioVersion = 15.0.28307.852
MinimumVisualStudioVersion = 10.0.40219.1
Project("{9A19103F-16F7-4668-BE54-9A1E7A4F7556}") = "DatabaseMigrationToolASPNETCore", "DatabaseMigrationToolASPNETCore\DatabaseMigrationToolASPNETCore.csproj", "{FCEF8A33-29DD-407F-8279-6C71B39B7FFA}"
EndProject
Global
	GlobalSection(SolutionConfigurationPlatforms) = preSolution
		Debug|Any CPU = Debug|Any CPU
		Release|Any CPU = Release|Any CPU
	EndGlobalSection
	GlobalSection(ProjectConfigurationPlatforms) = postSolution
		{FCEF8A33-29DD-407F-8279-6C71B39B7FFA}.Debug|Any CPU.ActiveCfg = Debug|Any CPU
		{FCEF8A33-29DD-407F-8279-6C71B39B7FFA}.Debug|Any CPU.Build.0 = Debug|Any CPU
		{FCEF8A33-29DD-407F-8279-6C71B39B7FFA}.Release|Any CPU.ActiveCfg = Release|Any CPU
		{FCEF8A33-29DD-407F-8279-6C71B39B7FFA}.Release|Any CPU.Build.0 = Release|Any CPU
	EndGlobalSection
	GlobalSection(SolutionProperties) = preSolution
		HideSolutionNode = FALSE
	EndGlobalSection
	GlobalSection(ExtensibilityGlobals) = postSolution
		SolutionGuid = {C18D9457-1151-4116-BC94-7F7A6F6771F8}
	EndGlobalSection
EndGlobal
